schema: '2.0'
stages:
  preprocess:
    cmd: python src/data_preprocessing.py
    deps:
    - path: data/Customer-Churn-Dataset1.csv
      hash: md5
      md5: 73ac2e7e69d9bc9db87113ab15b3d484
      size: 998660
    - path: src/data_preprocessing.py
      hash: md5
      md5: 8402d17f33c933993435ab661fa70c9c
      size: 2404
    outs:
    - path: data/processed/test.csv
      hash: md5
      md5: a107771955ad055e8934f45ec0f7ffae
      size: 586582
    - path: data/processed/train.csv
      hash: md5
      md5: 3df88239ece4c1551bf6858a6a342fc7
      size: 2343543
    - path: models/label_encoders.pkl
      hash: md5
      md5: 65621a2864ac0e7044e94d7e8ce908b0
      size: 4067
    - path: models/scaler.pkl
      hash: md5
      md5: dc3d8a35668e9c9effd1b2279ee0f898
      size: 1663
  validate:
    cmd: python src/data_validation.py
    deps:
    - path: data/processed/train.csv
      hash: md5
      md5: 3df88239ece4c1551bf6858a6a342fc7
      size: 2343543
    - path: src/data_validation.py
      hash: md5
      md5: cb92ccfbb1319947b4d7d640a54bd30e
      size: 2398
  train:
    cmd: python src/model_trainer.py
    deps:
    - path: data/processed/test.csv
      hash: md5
      md5: a107771955ad055e8934f45ec0f7ffae
      size: 586582
    - path: data/processed/train.csv
      hash: md5
      md5: 3df88239ece4c1551bf6858a6a342fc7
      size: 2343543
    - path: src/model_builder.py
      hash: md5
      md5: a811aa4f1c8d98994984f0c2daf4e89d
      size: 449
    - path: src/model_trainer.py
      hash: md5
      md5: 86c3fe9934682915c4d33e4198b9ad8c
      size: 3161
    outs:
    - path: metrics.json
      hash: md5
      md5: fcc160ca8f88fe4726bf6ac8d6911772
      size: 129
    - path: saved_models/customer_churn_model.h5
      hash: md5
      md5: f0df3e5afc7f9020a1821d07d599e30b
      size: 42920
